# This file is automatically @generated by Poetry 2.4.1 and should not be changed by hand.

[[package]]
name = "attrs"
version = "22.1.0"
description = "Classes Without Boilerplate"
optional = false
python-versions = ">=3.5"
groups = ["dev"]
files = [
    {file = "attrs-22.1.0-py2.py3-none-any.whl", hash = "sha256:86efa402f67bf2df34f51a335487cf46b1ec130d02b8d39fd248abfd30da551c"},
    {file = "attrs-22.1.0.tar.gz", hash = "sha256:29adc2665447e5191d0e7c568fde78b21f9672d344281d0c6e1ab085429b22b6"},
]

[package.extras]
dev = ["cloudpickle ; platform_python_implementation == \"CPython\"", "coverage[toml] (>=5.0.2)", "furo", "hypothesis", "mypy (>=0.900,!=0.940)", "pre-commit", "pympler", "pytest (>=4.3.0)", "pytest-mypy-plugins", "sphinx", "sphinx-notfound-page", "zope.interface"]
docs = ["furo", "sphinx", "sphinx-notfound-page", "zope.interface"]
tests = ["cloudpickle ; platform_python_implementation == \"CPython\"", "coverage[toml] (>=5.0.2)", "hypothesis", "mypy (>=0.900,!=0.940)", "pympler", "pytest (>=4.3.0)", "pytest-mypy-plugins", "zope.interface"]
tests-no-zope = ["cloudpickle ; platform_python_implementation == \"CPython\"", "coverage[toml] (>=5.0.2)", "hypothesis", "mypy (>=0.900,!=0.940)", "pympler", "pytest (>=4.3.0)", "pytest-mypy-plugins"]

[[package]]
name = "aws-cdk-asset-awscli-v1"
version = "2.2.273"
description = "A library that contains the AWS CLI for use in Lambda Layers"
optional = false
python-versions = "~=3.9"
groups = ["dev"]
files = [
    {file = "aws_cdk_asset_awscli_v1-2.2.273-py3-none-any.whl", hash = "sha256:1a0994afa7b48f63b580603be64c7a99d19ed6777bdf81d3c2435d8b43cf0d71"},
    {file = "aws_cdk_asset_awscli_v1-2.2.273.tar.gz", hash = "sha256:6580dad3416e53712db434f81add6fb4a314e1a80f9c57cc42606df1f64c8e0f"},
]

[package.dependencies]
jsii = ">=1.127.0,<2.0.0"
publication = ">=0.0.3"
typeguard = "2.13.3"

[[package]]
name = "aws-cdk-asset-node-proxy-agent-v6"
version = "2.1.2"
description = "@aws-cdk/asset-node-proxy-agent-v6"
optional = false
python-versions = "~=3.9"
groups = ["dev"]
files = [
    {file = "aws_cdk_asset_node_proxy_agent_v6-2.1.2-py3-none-any.whl", hash = "sha256:1028bff16fdb87b8c82404e9b48f32ed383429dece84067f47379c4049da5da4"},
    {file = "aws_cdk_asset_node_proxy_agent_v6-2.1.2.tar.gz", hash = "sha256:1340588dd351dcae37e07188f39075364f73ccde6ed9468c1184b06ada4af665"},
]

[package.dependencies]
jsii = ">=1.129.0,<2.0.0"
publication = ">=0.0.3"
typeguard = "2.13.3"

[[package]]
name = "aws-cdk.aws-apigatewayv2-alpha"
version = "2.42.0a0"
description = "The CDK Construct Library for AWS::APIGatewayv2"
optional = false
python-versions = "~=3.7"
groups = ["dev"]
files = [
    {file = "aws-cdk.aws-apigatewayv2-alpha-2.42.0a0.tar.gz", hash = "sha256:1b751bb32f2e53c1bce0da18edf870301aaf40de335ac84712a95b0c553ba20f"},
    {file = "aws_cdk.aws_apigatewayv2_alpha-2.42.0a0-py3-none-any.whl", hash = "sha256:70784cd22922e10286ff5da5fb62ff24d3ba05da36984dea562bca32731cb9ef"},
]

[package.dependencies]
aws-cdk-lib = ">=2.42.0,<3.0.0"
constructs = ">=10.0.0,<11.0.0"
jsii = ">=1.67.0,<2.0.0"
publication = ">=0.0.3"
typeguard = ">=2.13.3,<2.14.0"

[[package]]
name = "aws-cdk.aws-apigatewayv2-integrations-alpha"
version = "2.42.0a0"
description = "Integrations for AWS APIGateway V2"
optional = false
python-versions = "~=3.7"
groups = ["dev"]
files = [
    {file = "aws-cdk.aws-apigatewayv2-integrations-alpha-2.42.0a0.tar.gz", hash = "sha256:4949d3f0d7107b9f163df2b4922712421d8f213eb60e2b4b36b7738463ad4e33"},
    {file = "aws_cdk.aws_apigatewayv2_integrations_alpha-2.42.0a0-py3-none-any.whl", hash = "sha256:3b763cec25d7113def9f53c5cc95087149feaa48a587fb2de74d67651c62b55c"},
]

[package.dependencies]
"aws-cdk.aws-apigatewayv2-alpha" = "2.42.0a0"
aws-cdk-lib = ">=2.42.0,<3.0.0"
constructs = ">=10.0.0,<11.0.0"
jsii = ">=1.67.0,<2.0.0"
publication = ">=0.0.3"
typeguard = ">=2.13.3,<2.14.0"

[[package]]
name = "aws-cdk-cloud-assembly-schema"
version = "53.28.0"
description = "Schema for the protocol between CDK framework and CDK CLI"
optional = false
python-versions = "~=3.10"
groups = ["dev"]
files = [
    {file = "aws_cdk_cloud_assembly_schema-53.28.0-py3-none-any.whl", hash = "sha256:c5de34f4a0d61eb48574a0264a9567175f601c27b4d053fb24ad1157c4ea0d99"},
    {file = "aws_cdk_cloud_assembly_schema-53.28.0.tar.gz", hash = "sha256:12e28dc44026e5f062041ba1450a510b1acddcfbe8358f73cfda8df993712d42"},
]

[package.dependencies]
jsii = ">=1.131.0,<2.0.0"
publication = ">=0.0.3"
typeguard = "2.13.3"

[[package]]
name = "aws-cdk-lib"
version = "2.253.0"
description = "Version 2 of the AWS Cloud Development Kit library"
optional = false
python-versions = "~=3.9"
groups = ["dev"]
files = [
    {file = "aws_cdk_lib-2.253.0-py3-none-any.whl", hash = "sha256:58997c8a5af49d5328f5106468581a14235a1356dfe7574bb14656799594a2b5"},
    {file = "aws_cdk_lib-2.253.0.tar.gz", hash = "sha256:6db33e164f9afd6207698d382579bf62f762f14325f4b6d77643865e92448f20"},
]

[package.dependencies]
"aws-cdk.asset-awscli-v1" = "2.2.273"
"aws-cdk.asset-node-proxy-agent-v6" = ">=2.1.1,<3.0.0"
"aws-cdk.cloud-assembly-schema" = ">=53.18.0,<54.0.0"
constructs = ">=10.5.0,<11.0.0"
jsii = ">=1.128.0,<2.0.0"
publication = ">=0.0.3"
typeguard = "2.13.3"

[[package]]
name = "cattrs"
version = "22.1.0"
description = "Composable complex class support for attrs and dataclasses."
optional = false
python-versions = ">=3.7,<4.0"
groups = ["dev"]
files = [
    {file = "cattrs-22.1.0-py3-none-any.whl", hash = "sha256:d55c477b4672f93606e992049f15d526dc7867e6c756cd6256d4af92e2b1e364"},
    {file = "cattrs-22.1.0.tar.gz", hash = "sha256:94b67b64cf92c994f8784c40c082177dc916e0489a73a9a36b24eb18a9db40c6"},
]

[package.dependencies]
attrs = ">=20"
exceptiongroup = {version = "*", markers = "python_version <= \"3.10\""}

[[package]]
name = "constructs"
version = "10.7.1"
description = "A programming model for software-defined state"
optional = false
python-versions = ">=3.10"
groups = ["dev"]
files = [
    {file = "constructs-10.7.1-py3-none-any.whl", hash = "sha256:f212c66b37249c45eca4638c6b33c68efddae50599d27062d71d0bf81c11431e"},
    {file = "constructs-10.7.1.tar.gz", hash = "sha256:7b33d60851fc8c6d4c4a111dc342088e467c344b22d9a562a5e0b6fbbbaf4b2a"},
]

[package.dependencies]
jsii = ">=1.138.0,<2.0.0"
publication = ">=0.0.3"

[[package]]
name = "exceptiongroup"
version = "1.0.0rc9"
description = "Backport of PEP 654 (exception groups)"
optional = false
python-versions = ">=3.7"
groups = ["main", "dev"]
files = [
    {file = "exceptiongroup-1.0.0rc9-py3-none-any.whl", hash = "sha256:2e3c3fc1538a094aab74fad52d6c33fc94de3dfee3ee01f187c0e0c72aec5337"},
    {file = "exceptiongroup-1.0.0rc9.tar.gz", hash = "sha256:9086a4a21ef9b31c72181c77c040a074ba0889ee56a7b289ff0afb0d97655f96"},
]
markers = {dev = "python_version == \"3.10\""}

[package.extras]
test = ["pytest (>=6)"]

[[package]]
name = "jsii"
version = "1.139.0"
description = "Python client for jsii runtime"
optional = false
python-versions = ">=3.10"
groups = ["dev"]
files = [
    {file = "jsii-1.139.0-py3-none-any.whl", hash = "sha256:11468f767c6da698ed9888a04352850af33ccccfec7656475626caf36fca8bbb"},
    {file = "jsii-1.139.0.tar.gz", hash = "sha256:163c5d3ec00fd4ec89a33b9097f20a6f27626dd69d6875a8f7cc7577b8021ad0"},
]

[package.dependencies]
attrs = ">=21.2,<27.0"
cattrs = ">=1.8,<27.0"
publication = ">=0.0.3"
python-dateutil = "*"
typeguard = "2.13.3"
typing_extensions = ">=3.8,<5.0"

[[package]]
name = "publication"
version = "0.0.3"
description = "Publication helps you maintain public-api-friendly modules by preventing unintentional access to private implementation details via introspection."
optional = false
python-versions = "*"
groups = ["dev"]
files = [
    {file = "publication-0.0.3-py2.py3-none-any.whl", hash = "sha256:0248885351febc11d8a1098d5c8e3ab2dabcf3e8c0c96db1e17ecd12b53afbe6"},
    {file = "publication-0.0.3.tar.gz", hash = "sha256:68416a0de76dddcdd2930d1c8ef853a743cc96c82416c4e4d3b5d901c6276dc4"},
]

[[package]]
name = "python-dateutil"
version = "2.8.2"
description = "Extensions to the standard Python datetime module"
optional = false
python-versions = "!=3.0.*,!=3.1.*,!=3.2.*,>=2.7"
groups = ["dev"]
files = [
    {file = "python-dateutil-2.8.2.tar.gz", hash = "sha256:0123cacc1627ae19ddf3c27a5de5bd67ee4586fbdd6440d9748f8abb483d3e86"},
    {file = "python_dateutil-2.8.2-py2.py3-none-any.whl", hash = "sha256:961d03dc3453ebbc59dbdea9e4e11c5651520a876d0f4db161e8674aae935da9"},
]

[package.dependencies]
six = ">=1.5"

[[package]]
name = "six"
version = "1.16.0"
description = "Python 2 and 3 compatibility utilities"
optional = false
python-versions = ">=2.7, !=3.0.*, !=3.1.*, !=3.2.*"
groups = ["dev"]
files = [
    {file = "six-1.16.0-py2.py3-none-any.whl", hash = "sha256:8abb2f1d86890a2dfb989f9a77cfcfd3e47c2a354b01111771326f8aa26e0254"},
    {file = "six-1.16.0.tar.gz", hash = "sha256:1e61c37477a1626458e36f7b1d82aa5c9b094fa4802892072e49de9c60c4c926"},
]

[[package]]
name = "typeguard"
version = "2.13.3"
description = "Run-time type checker for Python"
optional = false
python-versions = ">=3.5.3"
groups = ["dev"]
files = [
    {file = "typeguard-2.13.3-py3-none-any.whl", hash = "sha256:5e3e3be01e887e7eafae5af63d1f36c849aaa94e3a0112097312aabfa16284f1"},
    {file = "typeguard-2.13.3.tar.gz", hash = "sha256:00edaa8da3a133674796cf5ea87d9f4b4c367d77476e185e80251cc13dfbb8c4"},
]

[package.extras]
doc = ["sphinx-autodoc-typehints (>=1.2.0)", "sphinx-rtd-theme"]
test = ["mypy ; platform_python_implementation != \"PyPy\"", "pytest", "typing-extensions"]

[[package]]
name = "typing-extensions"
version = "4.3.0"
description = "Backported and Experimental Type Hints for Python 3.7+"
optional = false
python-versions = ">=3.7"
groups = ["dev"]
files = [
    {file = "typing_extensions-4.3.0-py3-none-any.whl", hash = "sha256:25642c956049920a5aa49edcdd6ab1e06d7e5d467fc00e0506c44ac86fbfca02"},
    {file = "typing_extensions-4.3.0.tar.gz", hash = "sha256:e6d2677a32f47fc7eb2795db1dd15c1f34eff616bcaf2cfb5e997f854fa1c4a6"},
]

[metadata]
lock-version = "2.1"
python-versions = "^3.10"
content-hash = "bc77da1a65fc094ec9ad8b6a1dc48d63811ef94921a39a9ac7fab7fa9d8cbc2f"
